// !$*UTF8*$!
{
	archiveVersion = 1;
	classes = {
	};
	objectVersion = 50;
	objects = {

/* Begin PBXBuildFile section */
		73017BC0268BE7020085ECA8 /* FirebaseAuthApp.swift in Sources */ = {isa = PBXBuildFile; fileRef = 73017BBF268BE7020085ECA8 /* FirebaseAuthApp.swift */; };
		73017BC2268BE7020085ECA8 /* ContentView.swift in Sources */ = {isa = PBXBuildFile; fileRef = 73017BC1268BE7020085ECA8 /* ContentView.swift */; };
		73017BC4268BE7060085ECA8 /* Assets.xcassets in Resources */ = {isa = PBXBuildFile; fileRef = 73017BC3268BE7060085ECA8 /* Assets.xcassets */; };
		73017BC7268BE7060085ECA8 /* Preview Assets.xcassets in Resources */ = {isa = PBXBuildFile; fileRef = 73017BC6268BE7060085ECA8 /* Preview Assets.xcassets */; };
		73017BC9268BE7060085ECA8 /* Persistence.swift in Sources */ = {isa = PBXBuildFile; fileRef = 73017BC8268BE7060085ECA8 /* Persistence.swift */; };
		73017BCC268BE7060085ECA8 /* FirebaseAuth.xcdatamodeld in Sources */ = {isa = PBXBuildFile; fileRef = 73017BCA268BE7060085ECA8 /* FirebaseAuth.xcdatamodeld */; };
		73185264269819D8008EC4C0 /* EmailView.swift in Sources */ = {isa = PBXBuildFile; fileRef = 73185263269819D8008EC4C0 /* EmailView.swift */; };
		73185269269819EC008EC4C0 /* PhoneView.swift in Sources */ = {isa = PBXBuildFile; fileRef = 73185268269819EC008EC4C0 /* PhoneView.swift */; };
		732907FD26970EC200471642 /* AuthDetailsTwo.swift in Sources */ = {isa = PBXBuildFile; fileRef = 732907FC26970EC200471642 /* AuthDetailsTwo.swift */; };
		732EFFC5268C081A0060BD03 /* LaunchScreen.storyboard in Resources */ = {isa = PBXBuildFile; fileRef = 732EFFC4268C081A0060BD03 /* LaunchScreen.storyboard */; };
		73490E7D269363AB00D58503 /* TabbarView.swift in Sources */ = {isa = PBXBuildFile; fileRef = 73490E7C269363AB00D58503 /* TabbarView.swift */; };
		73490E812693641600D58503 /* HomeView.swift in Sources */ = {isa = PBXBuildFile; fileRef = 73490E802693641600D58503 /* HomeView.swift */; };
		73490E85269364B600D58503 /* CartView.swift in Sources */ = {isa = PBXBuildFile; fileRef = 73490E84269364B600D58503 /* CartView.swift */; };
		73490E8E269365C200D58503 /* ProductView.swift in Sources */ = {isa = PBXBuildFile; fileRef = 73490E8D269365C200D58503 /* ProductView.swift */; };
		73490E92269374FE00D58503 /* HomeDetailsView.swift in Sources */ = {isa = PBXBuildFile; fileRef = 73490E91269374FD00D58503 /* HomeDetailsView.swift */; };
		7398F227268EB5D300F80397 /* AuthListView.swift in Sources */ = {isa = PBXBuildFile; fileRef = 7398F226268EB5D300F80397 /* AuthListView.swift */; };
		7398F22B268EB72200F80397 /* AuthListCell.swift in Sources */ = {isa = PBXBuildFile; fileRef = 7398F22A268EB72200F80397 /* AuthListCell.swift */; };
		7398F22F268EB7CC00F80397 /* CustomStyle.swift in Sources */ = {isa = PBXBuildFile; fileRef = 7398F22E268EB7CC00F80397 /* CustomStyle.swift */; };
		73F2860F2694918000813BBE /* ProfileView.swift in Sources */ = {isa = PBXBuildFile; fileRef = 73F2860E2694918000813BBE /* ProfileView.swift */; };
		73F2861526949C2B00813BBE /* TabbarViewModel.swift in Sources */ = {isa = PBXBuildFile; fileRef = 73F2861426949C2B00813BBE /* TabbarViewModel.swift */; };
/* End PBXBuildFile section */

/* Begin PBXFileReference section */
		73017BBC268BE7020085ECA8 /* FirebaseAuth.app */ = {isa = PBXFileReference; explicitFileType = wrapper.application; includeInIndex = 0; path = FirebaseAuth.app; sourceTree = BUILT_PRODUCTS_DIR; };
		73017BBF268BE7020085ECA8 /* FirebaseAuthApp.swift */ = {isa = PBXFileReference; lastKnownFileType = sourcecode.swift; path = FirebaseAuthApp.swift; sourceTree = "<group>"; };
		73017BC1268BE7020085ECA8 /* ContentView.swift */ = {isa = PBXFileReference; lastKnownFileType = sourcecode.swift; path = ContentView.swift; sourceTree = "<group>"; };
		73017BC3268BE7060085ECA8 /* Assets.xcassets */ = {isa = PBXFileReference; lastKnownFileType = folder.assetcatalog; path = Assets.xcassets; sourceTree = "<group>"; };
		73017BC6268BE7060085ECA8 /* Preview Assets.xcassets */ = {isa = PBXFileReference; lastKnownFileType = folder.assetcatalog; path = "Preview Assets.xcassets"; sourceTree = "<group>"; };
		73017BC8268BE7060085ECA8 /* Persistence.swift */ = {isa = PBXFileReference; lastKnownFileType = sourcecode.swift; path = Persistence.swift; sourceTree = "<group>"; };
		73017BCB268BE7060085ECA8 /* FirebaseAuth.xcdatamodel */ = {isa = PBXFileReference; lastKnownFileType = wrapper.xcdatamodel; path = FirebaseAuth.xcdatamodel; sourceTree = "<group>"; };
		73017BCD268BE7060085ECA8 /* Info.plist */ = {isa = PBXFileReference; lastKnownFileType = text.plist.xml; path = Info.plist; sourceTree = "<group>"; };
		73185263269819D8008EC4C0 /* EmailView.swift */ = {isa = PBXFileReference; lastKnownFileType = sourcecode.swift; path = EmailView.swift; sourceTree = "<group>"; };
		73185268269819EC008EC4C0 /* PhoneView.swift */ = {isa = PBXFileReference; lastKnownFileType = sourcecode.swift; path = PhoneView.swift; sourceTree = "<group>"; };
		732907FC26970EC200471642 /* AuthDetailsTwo.swift */ = {isa = PBXFileReference; lastKnownFileType = sourcecode.swift; path = AuthDetailsTwo.swift; sourceTree = "<group>"; };
		732EFFC4268C081A0060BD03 /* LaunchScreen.storyboard */ = {isa = PBXFileReference; lastKnownFileType = file.storyboard; path = LaunchScreen.storyboard; sourceTree = "<group>"; };
		73490E7C269363AB00D58503 /* TabbarView.swift */ = {isa = PBXFileReference; lastKnownFileType = sourcecode.swift; path = TabbarView.swift; sourceTree = "<group>"; };
		73490E802693641600D58503 /* HomeView.swift */ = {isa = PBXFileReference; lastKnownFileType = sourcecode.swift; path = HomeView.swift; sourceTree = "<group>"; };
		73490E84269364B600D58503 /* CartView.swift */ = {isa = PBXFileReference; lastKnownFileType = sourcecode.swift; path = CartView.swift; sourceTree = "<group>"; };
		73490E8D269365C200D58503 /* ProductView.swift */ = {isa = PBXFileReference; lastKnownFileType = sourcecode.swift; path = ProductView.swift; sourceTree = "<group>"; };
		73490E91269374FD00D58503 /* HomeDetailsView.swift */ = {isa = PBXFileReference; lastKnownFileType = sourcecode.swift; path = HomeDetailsView.swift; sourceTree = "<group>"; };
		7398F226268EB5D300F80397 /* AuthListView.swift */ = {isa = PBXFileReference; lastKnownFileType = sourcecode.swift; path = AuthListView.swift; sourceTree = "<group>"; };
		7398F22A268EB72200F80397 /* AuthListCell.swift */ = {isa = PBXFileReference; lastKnownFileType = sourcecode.swift; path = AuthListCell.swift; sourceTree = "<group>"; };
		7398F22E268EB7CC00F80397 /* CustomStyle.swift */ = {isa = PBXFileReference; lastKnownFileType = sourcecode.swift; path = CustomStyle.swift; sourceTree = "<group>"; };
		73F2860E2694918000813BBE /* ProfileView.swift */ = {isa = PBXFileReference; lastKnownFileType = sourcecode.swift; path = ProfileView.swift; sourceTree = "<group>"; };
		73F2861426949C2B00813BBE /* TabbarViewModel.swift */ = {isa = PBXFileReference; lastKnownFileType = sourcecode.swift; path = TabbarViewModel.swift; sourceTree = "<group>"; };
/* End PBXFileReference section */

/* Begin PBXFrameworksBuildPhase section */
		73017BB9268BE7020085ECA8 /* Frameworks */ = {
			isa = PBXFrameworksBuildPhase;
			buildActionMask = 2147483647;
			files = (
			);
			runOnlyForDeploymentPostprocessing = 0;
		};
/* End PBXFrameworksBuildPhase section */

/* Begin PBXGroup section */
		73017BB3268BE7020085ECA8 = {
			isa = PBXGroup;
			children = (
				73017BBE268BE7020085ECA8 /* FirebaseAuth */,
				73017BBD268BE7020085ECA8 /* Products */,
			);
			sourceTree = "<group>";
		};
		73017BBD268BE7020085ECA8 /* Products */ = {
			isa = PBXGroup;
			children = (
				73017BBC268BE7020085ECA8 /* FirebaseAuth.app */,
			);
			name = Products;
			sourceTree = "<group>";
		};
		73017BBE268BE7020085ECA8 /* FirebaseAuth */ = {
			isa = PBXGroup;
			children = (
				73017BBF268BE7020085ECA8 /* FirebaseAuthApp.swift */,
				73017BC1268BE7020085ECA8 /* ContentView.swift */,
				73F2861326949C0B00813BBE /* ViewModels */,
				7398F223268EB5AA00F80397 /* Views */,
				73017BC3268BE7060085ECA8 /* Assets.xcassets */,
				73017BC8268BE7060085ECA8 /* Persistence.swift */,
				73017BCD268BE7060085ECA8 /* Info.plist */,
				73017BCA268BE7060085ECA8 /* FirebaseAuth.xcdatamodeld */,
				73017BC5268BE7060085ECA8 /* Preview Content */,
				732EFFC4268C081A0060BD03 /* LaunchScreen.storyboard */,
			);
			path = FirebaseAuth;
			sourceTree = "<group>";
		};
		73017BC5268BE7060085ECA8 /* Preview Content */ = {
			isa = PBXGroup;
			children = (
				73017BC6268BE7060085ECA8 /* Preview Assets.xcassets */,
			);
			path = "Preview Content";
			sourceTree = "<group>";
		};
		73185262269819C7008EC4C0 /* EmailView */ = {
			isa = PBXGroup;
			children = (
				73185263269819D8008EC4C0 /* EmailView.swift */,
				732907FC26970EC200471642 /* AuthDetailsTwo.swift */,
			);
			path = EmailView;
			sourceTree = "<group>";
		};
		73185266269819DF008EC4C0 /* PhoneView */ = {
			isa = PBXGroup;
			children = (
				73185268269819EC008EC4C0 /* PhoneView.swift */,
			);
			path = PhoneView;
			sourceTree = "<group>";
		};
		73490E7B2693639200D58503 /* TabViews */ = {
			isa = PBXGroup;
			children = (
				73490E7C269363AB00D58503 /* TabbarView.swift */,
				73490E7F2693640700D58503 /* HomeView */,
				73490E83269364A800D58503 /* CartView */,
				73490E882693658100D58503 /* ProductView */,
				73F2860D2694916D00813BBE /* Profile */,
			);
			path = TabViews;
			sourceTree = "<group>";
		};
		73490E7F2693640700D58503 /* HomeView */ = {
			isa = PBXGroup;
			children = (
				73490E802693641600D58503 /* HomeView.swift */,
				73490E91269374FD00D58503 /* HomeDetailsView.swift */,
			);
			path = HomeView;
			sourceTree = "<group>";
		};
		73490E83269364A800D58503 /* CartView */ = {
			isa = PBXGroup;
			children = (
				73490E84269364B600D58503 /* CartView.swift */,
			);
			path = CartView;
			sourceTree = "<group>";
		};
		73490E882693658100D58503 /* ProductView */ = {
			isa = PBXGroup;
			children = (
				73490E8D269365C200D58503 /* ProductView.swift */,
			);
			path = ProductView;
			sourceTree = "<group>";
		};
		7398F223268EB5AA00F80397 /* Views */ = {
			isa = PBXGroup;
			children = (
				7398F22D268EB7B700F80397 /* Styles */,
				7398F224268EB5B000F80397 /* Auth */,
				73490E7B2693639200D58503 /* TabViews */,
			);
			path = Views;
			sourceTree = "<group>";
		};
		7398F224268EB5B000F80397 /* Auth */ = {
			isa = PBXGroup;
			children = (
				7398F225268EB5BA00F80397 /* AuthListView */,
				73185262269819C7008EC4C0 /* EmailView */,
				73185266269819DF008EC4C0 /* PhoneView */,
			);
			path = Auth;
			sourceTree = "<group>";
		};
		7398F225268EB5BA00F80397 /* AuthListView */ = {
			isa = PBXGroup;
			children = (
				7398F22A268EB72200F80397 /* AuthListCell.swift */,
				7398F226268EB5D300F80397 /* AuthListView.swift */,
			);
			path = AuthListView;
			sourceTree = "<group>";
		};
		7398F22D268EB7B700F80397 /* Styles */ = {
			isa = PBXGroup;
			children = (
				7398F22E268EB7CC00F80397 /* CustomStyle.swift */,
			);
			path = Styles;
			sourceTree = "<group>";
		};
		73F2860D2694916D00813BBE /* Profile */ = {
			isa = PBXGroup;
			children = (
				73F2860E2694918000813BBE /* ProfileView.swift */,
			);
			path = Profile;
			sourceTree = "<group>";
		};
		73F2861326949C0B00813BBE /* ViewModels */ = {
			isa = PBXGroup;
			children = (
				73F2861426949C2B00813BBE /* TabbarViewModel.swift */,
			);
			path = ViewModels;
			sourceTree = "<group>";
		};
/* End PBXGroup section */

/* Begin PBXNativeTarget section */
		73017BBB268BE7020085ECA8 /* FirebaseAuth */ = {
			isa = PBXNativeTarget;
			buildConfigurationList = 73017BD0268BE7060085ECA8 /* Build configuration list for PBXNativeTarget "FirebaseAuth" */;
			buildPhases = (
				73017BB8268BE7020085ECA8 /* Sources */,
				73017BB9268BE7020085ECA8 /* Frameworks */,
				73017BBA268BE7020085ECA8 /* Resources */,
			);
			buildRules = (
			);
			dependencies = (
			);
			name = FirebaseAuth;
			productName = FirebaseAuth;
			productReference = 73017BBC268BE7020085ECA8 /* FirebaseAuth.app */;
			productType = "com.apple.product-type.application";
		};
/* End PBXNativeTarget section */

/* Begin PBXProject section */
		73017BB4268BE7020085ECA8 /* Project object */ = {
			isa = PBXProject;
			attributes = {
				LastSwiftUpdateCheck = 1240;
				LastUpgradeCheck = 1240;
				TargetAttributes = {
					73017BBB268BE7020085ECA8 = {
						CreatedOnToolsVersion = 12.4;
					};
				};
			};
			buildConfigurationList = 73017BB7268BE7020085ECA8 /* Build configuration list for PBXProject "FirebaseAuth" */;
			compatibilityVersion = "Xcode 9.3";
			developmentRegion = en;
			hasScannedForEncodings = 0;
			knownRegions = (
				en,
				Base,
			);
			mainGroup = 73017BB3268BE7020085ECA8;
			productRefGroup = 73017BBD268BE7020085ECA8 /* Products */;
			projectDirPath = "";
			projectRoot = "";
			targets = (
				73017BBB268BE7020085ECA8 /* FirebaseAuth */,
			);
		};
/* End PBXProject section */

/* Begin PBXResourcesBuildPhase section */
		73017BBA268BE7020085ECA8 /* Resources */ = {
			isa = PBXResourcesBuildPhase;
			buildActionMask = 2147483647;
			files = (
				732EFFC5268C081A0060BD03 /* LaunchScreen.storyboard in Resources */,
				73017BC7268BE7060085ECA8 /* Preview Assets.xcassets in Resources */,
				73017BC4268BE7060085ECA8 /* Assets.xcassets in Resources */,
			);
			runOnlyForDeploymentPostprocessing = 0;
		};
/* End PBXResourcesBuildPhase section */

/* Begin PBXSourcesBuildPhase section */
		73017BB8268BE7020085ECA8 /* Sources */ = {
			isa = PBXSourcesBuildPhase;
			buildActionMask = 2147483647;
			files = (
				73490E85269364B600D58503 /* CartView.swift in Sources */,
				73185264269819D8008EC4C0 /* EmailView.swift in Sources */,
				732907FD26970EC200471642 /* AuthDetailsTwo.swift in Sources */,
				73F2860F2694918000813BBE /* ProfileView.swift in Sources */,
				73F2861526949C2B00813BBE /* TabbarViewModel.swift in Sources */,
				73490E812693641600D58503 /* HomeView.swift in Sources */,
				73017BCC268BE7060085ECA8 /* FirebaseAuth.xcdatamodeld in Sources */,
				7398F22F268EB7CC00F80397 /* CustomStyle.swift in Sources */,
				73490E7D269363AB00D58503 /* TabbarView.swift in Sources */,
				73017BC9268BE7060085ECA8 /* Persistence.swift in Sources */,
				73490E92269374FE00D58503 /* HomeDetailsView.swift in Sources */,
				73017BC2268BE7020085ECA8 /* ContentView.swift in Sources */,
				73490E8E269365C200D58503 /* ProductView.swift in Sources */,
				73185269269819EC008EC4C0 /* PhoneView.swift in Sources */,
				73017BC0268BE7020085ECA8 /* FirebaseAuthApp.swift in Sources */,
				7398F227268EB5D300F80397 /* AuthListView.swift in Sources */,
				7398F22B268EB72200F80397 /* AuthListCell.swift in Sources */,
			);
			runOnlyForDeploymentPostprocessing = 0;
		};
/* End PBXSourcesBuildPhase section */

/* Begin XCBuildConfiguration section */
		73017BCE268BE7060085ECA8 /* Debug */ = {
			isa = XCBuildConfiguration;
			buildSettings = {
				ALWAYS_SEARCH_USER_PATHS = NO;
				CLANG_ANALYZER_NONNULL = YES;
				CLANG_ANALYZER_NUMBER_OBJECT_CONVERSION = YES_AGGRESSIVE;
				CLANG_CXX_LANGUAGE_STANDARD = "gnu++14";
				CLANG_CXX_LIBRARY = "libc++";
				CLANG_ENABLE_MODULES = YES;
				CLANG_ENABLE_OBJC_ARC = YES;
				CLANG_ENABLE_OBJC_WEAK = YES;
				CLANG_WARN_BLOCK_CAPTURE_AUTORELEASING = YES;
				CLANG_WARN_BOOL_CONVERSION = YES;
				CLANG_WARN_COMMA = YES;
				CLANG_WARN_CONSTANT_CONVERSION = YES;
				CLANG_WARN_DEPRECATED_OBJC_IMPLEMENTATIONS = YES;
				CLANG_WARN_DIRECT_OBJC_ISA_USAGE = YES_ERROR;
				CLANG_WARN_DOCUMENTATION_COMMENTS = YES;
				CLANG_WARN_EMPTY_BODY = YES;
				CLANG_WARN_ENUM_CONVERSION = YES;
				CLANG_WARN_INFINITE_RECURSION = YES;
				CLANG_WARN_INT_CONVERSION = YES;
				CLANG_WARN_NON_LITERAL_NULL_CONVERSION = YES;
				CLANG_WARN_OBJC_IMPLICIT_RETAIN_SELF = YES;
				CLANG_WARN_OBJC_LITERAL_CONVERSION = YES;
				CLANG_WARN_OBJC_ROOT_CLASS = YES_ERROR;
				CLANG_WARN_QUOTED_INCLUDE_IN_FRAMEWORK_HEADER = YES;
				CLANG_WARN_RANGE_LOOP_ANALYSIS = YES;
				CLANG_WARN_STRICT_PROTOTYPES = YES;
				CLANG_WARN_SUSPICIOUS_MOVE = YES;
				CLANG_WARN_UNGUARDED_AVAILABILITY = YES_AGGRESSIVE;
				CLANG_WARN_UNREACHABLE_CODE = YES;
				CLANG_WARN__DUPLICATE_METHOD_MATCH = YES;
				COPY_PHASE_STRIP = NO;
				DEBUG_INFORMATION_FORMAT = dwarf;
				ENABLE_STRICT_OBJC_MSGSEND = YES;
				ENABLE_TESTABILITY = YES;
				GCC_C_LANGUAGE_STANDARD = gnu11;
				GCC_DYNAMIC_NO_PIC = NO;
				GCC_NO_COMMON_BLOCKS = YES;
				GCC_OPTIMIZATION_LEVEL = 0;
				GCC_PREPROCESSOR_DEFINITIONS = (
					"DEBUG=1",
					"$(inherited)",
				);
				GCC_WARN_64_TO_32_BIT_CONVERSION = YES;
				GCC_WARN_ABOUT_RETURN_TYPE = YES_ERROR;
				GCC_WARN_UNDECLARED_SELECTOR = YES;
				GCC_WARN_UNINITIALIZED_AUTOS = YES_AGGRESSIVE;
				GCC_WARN_UNUSED_FUNCTION = YES;
				GCC_WARN_UNUSED_VARIABLE = YES;
				IPHONEOS_DEPLOYMENT_TARGET = 14.4;
				MTL_ENABLE_DEBUG_INFO = INCLUDE_SOURCE;
				MTL_FAST_MATH = YES;
				ONLY_ACTIVE_ARCH = YES;
				SDKROOT = iphoneos;
				SWIFT_ACTIVE_COMPILATION_CONDITIONS = DEBUG;
				SWIFT_OPTIMIZATION_LEVEL = "-Onone";
			};
			name = Debug;
		};
		73017BCF268BE7060085ECA8 /* Release */ = {
			isa = XCBuildConfiguration;
			buildSettings = {
				ALWAYS_SEARCH_USER_PATHS = NO;
				CLANG_ANALYZER_NONNULL = YES;
				CLANG_ANALYZER_NUMBER_OBJECT_CONVERSION = YES_AGGRESSIVE;
				CLANG_CXX_LANGUAGE_STANDARD = "gnu++14";
				CLANG_CXX_LIBRARY = "libc++";
				CLANG_ENABLE_MODULES = YES;
				CLANG_ENABLE_OBJC_ARC = YES;
				CLANG_ENABLE_OBJC_WEAK = YES;
				CLANG_WARN_BLOCK_CAPTURE_AUTORELEASING = YES;
				CLANG_WARN_BOOL_CONVERSION = YES;
				CLANG_WARN_COMMA = YES;
				CLANG_WARN_CONSTANT_CONVERSION = YES;
				CLANG_WARN_DEPRECATED_OBJC_IMPLEMENTATIONS = YES;
				CLANG_WARN_DIRECT_OBJC_ISA_USAGE = YES_ERROR;
				CLANG_WARN_DOCUMENTATION_COMMENTS = YES;
				CLANG_WARN_EMPTY_BODY = YES;
				CLANG_WARN_ENUM_CONVERSION = YES;
				CLANG_WARN_INFINITE_RECURSION = YES;
				CLANG_WARN_INT_CONVERSION = YES;
				CLANG_WARN_NON_LITERAL_NULL_CONVERSION = YES;
				CLANG_WARN_OBJC_IMPLICIT_RETAIN_SELF = YES;
				CLANG_WARN_OBJC_LITERAL_CONVERSION = YES;
				CLANG_WARN_OBJC_ROOT_CLASS = YES_ERROR;
				CLANG_WARN_QUOTED_INCLUDE_IN_FRAMEWORK_HEADER = YES;
				CLANG_WARN_RANGE_LOOP_ANALYSIS = YES;
				CLANG_WARN_STRICT_PROTOTYPES = YES;
				CLANG_WARN_SUSPICIOUS_MOVE = YES;
				CLANG_WARN_UNGUARDED_AVAILABILITY = YES_AGGRESSIVE;
				CLANG_WARN_UNREACHABLE_CODE = YES;
				CLANG_WARN__DUPLICATE_METHOD_MATCH = YES;
				COPY_PHASE_STRIP = NO;
				DEBUG_INFORMATION_FORMAT = "dwarf-with-dsym";
				ENABLE_NS_ASSERTIONS = NO;
				ENABLE_STRICT_OBJC_MSGSEND = YES;
				GCC_C_LANGUAGE_STANDARD = gnu11;
				GCC_NO_COMMON_BLOCKS = YES;
				GCC_WARN_64_TO_32_BIT_CONVERSION = YES;
				GCC_WARN_ABOUT_RETURN_TYPE = YES_ERROR;
				GCC_WARN_UNDECLARED_SELECTOR = YES;
				GCC_WARN_UNINITIALIZED_AUTOS = YES_AGGRESSIVE;
				GCC_WARN_UNUSED_FUNCTION = YES;
				GCC_WARN_UNUSED_VARIABLE = YES;
				IPHONEOS_DEPLOYMENT_TARGET = 14.4;
				MTL_ENABLE_DEBUG_INFO = NO;
				MTL_FAST_MATH = YES;
				SDKROOT = iphoneos;
				SWIFT_COMPILATION_MODE = wholemodule;
				SWIFT_OPTIMIZATION_LEVEL = "-O";
				VALIDATE_PRODUCT = YES;
			};
			name = Release;
		};
		73017BD1268BE7060085ECA8 /* Debug */ = {
			isa = XCBuildConfiguration;
			buildSettings = {
				ASSETCATALOG_COMPILER_APPICON_NAME = AppIcon;
				ASSETCATALOG_COMPILER_GLOBAL_ACCENT_COLOR_NAME = AccentColor;
				CODE_SIGN_STYLE = Automatic;
				DEVELOPMENT_ASSET_PATHS = "\"FirebaseAuth/Preview Content\"";
				DEVELOPMENT_TEAM = PYFM7A6T7U;
				ENABLE_PREVIEWS = YES;
				INFOPLIST_FILE = FirebaseAuth/Info.plist;
				IPHONEOS_DEPLOYMENT_TARGET = 14.1;
				LD_RUNPATH_SEARCH_PATHS = (
					"$(inherited)",
					"@executable_path/Frameworks",
				);
				PRODUCT_BUNDLE_IDENTIFIER = com.apollo66.FirebaseAuth;
				PRODUCT_NAME = "$(TARGET_NAME)";
				SWIFT_VERSION = 5.0;
				TARGETED_DEVICE_FAMILY = 1;
			};
			name = Debug;
		};
		73017BD2268BE7060085ECA8 /* Release */ = {
			isa = XCBuildConfiguration;
			buildSettings = {
				ASSETCATALOG_COMPILER_APPICON_NAME = AppIcon;
				ASSETCATALOG_COMPILER_GLOBAL_ACCENT_COLOR_NAME = AccentColor;
				CODE_SIGN_STYLE = Automatic;
				DEVELOPMENT_ASSET_PATHS = "\"FirebaseAuth/Preview Content\"";
				DEVELOPMENT_TEAM = PYFM7A6T7U;
				ENABLE_PREVIEWS = YES;
				INFOPLIST_FILE = FirebaseAuth/Info.plist;
				IPHONEOS_DEPLOYMENT_TARGET = 14.1;
				LD_RUNPATH_SEARCH_PATHS = (
					"$(inherited)",
					"@executable_path/Frameworks",
				);
				PRODUCT_BUNDLE_IDENTIFIER = com.apollo66.FirebaseAuth;
				PRODUCT_NAME = "$(TARGET_NAME)";
				SWIFT_VERSION = 5.0;
				TARGETED_DEVICE_FAMILY = 1;
			};
			name = Release;
		};
/* End XCBuildConfiguration section */

/* Begin XCConfigurationList section */
		73017BB7268BE7020085ECA8 /* Build configuration list for PBXProject "FirebaseAuth" */ = {
			isa = XCConfigurationList;
			buildConfigurations = (
				73017BCE268BE7060085ECA8 /* Debug */,
				73017BCF268BE7060085ECA8 /* Release */,
			);
			defaultConfigurationIsVisible = 0;
			defaultConfigurationName = Release;
		};
		73017BD0268BE7060085ECA8 /* Build configuration list for PBXNativeTarget "FirebaseAuth" */ = {
			isa = XCConfigurationList;
			buildConfigurations = (
				73017BD1268BE7060085ECA8 /* Debug */,
				73017BD2268BE7060085ECA8 /* Release */,
			);
			defaultConfigurationIsVisible = 0;
			defaultConfigurationName = Release;
		};
/* End XCConfigurationList section */

/* Begin XCVersionGroup section */
		73017BCA268BE7060085ECA8 /* FirebaseAuth.xcdatamodeld */ = {
			isa = XCVersionGroup;
			children = (
				73017BCB268BE7060085ECA8 /* FirebaseAuth.xcdatamodel */,
			);
			currentVersion = 73017BCB268BE7060085ECA8 /* FirebaseAuth.xcdatamodel */;
			path = FirebaseAuth.xcdatamodeld;
			sourceTree = "<group>";
			versionGroupType = wrapper.xcdatamodel;
		};
/* End XCVersionGroup section */
	};
	rootObject = 73017BB4268BE7020085ECA8 /* Project object */;
}
